
Microsoft Visual Studio Solution File, Format Version 12.00
# Visual Studio Version 16
VisualStudioVersion = 16.0.31005.135
MinimumVisualStudioVersion = 10.0.40219.1
Project("{FAE04EC0-301F-11D3-BF4B-00C04F79EFBC}") = "LINQ Exercício 1", "LINQ Exercício 1.csproj", "{46CA76E5-BFD1-40D7-970A-8303E7271588}"
EndProject
Global
	GlobalSection(SolutionConfigurationPlatforms) = preSolution
		Debug|Any CPU = Debug|Any CPU
		Release|Any CPU = Release|Any CPU
	EndGlobalSection
	GlobalSection(ProjectConfigurationPlatforms) = postSolution
		{46CA76E5-BFD1-40D7-970A-8303E7271588}.Debug|Any CPU.ActiveCfg = Debug|Any CPU
		{46CA76E5-BFD1-40D7-970A-8303E7271588}.Debug|Any CPU.Build.0 = Debug|Any CPU
		{46CA76E5-BFD1-40D7-970A-8303E7271588}.Release|Any CPU.ActiveCfg = Release|Any CPU
		{46CA76E5-BFD1-40D7-970A-8303E7271588}.Release|Any CPU.Build.0 = Release|Any CPU
	EndGlobalSection
	GlobalSection(SolutionProperties) = preSolution
		HideSolutionNode = FALSE
	EndGlobalSection
	GlobalSection(ExtensibilityGlobals) = postSolution
		SolutionGuid = {2079384D-98C6-45FD-9713-F83B2B9618E2}
	EndGlobalSection
EndGlobal
