
Microsoft Visual Studio Solution File, Format Version 12.00
# Visual Studio Version 16
VisualStudioVersion = 16.0.31005.135
MinimumVisualStudioVersion = 10.0.40219.1
Project("{9A19103F-16F7-4668-BE54-9A1E7A4F7556}") = "Exercicio", "Aula 3 CSharp\Exercicio.csproj", "{12A0A175-7FB9-4C9A-BDA3-18904DE13F74}"
EndProject
Global
	GlobalSection(SolutionConfigurationPlatforms) = preSolution
		Debug|Any CPU = Debug|Any CPU
		Release|Any CPU = Release|Any CPU
	EndGlobalSection
	GlobalSection(ProjectConfigurationPlatforms) = postSolution
		{12A0A175-7FB9-4C9A-BDA3-18904DE13F74}.Debug|Any CPU.ActiveCfg = Debug|Any CPU
		{12A0A175-7FB9-4C9A-BDA3-18904DE13F74}.Debug|Any CPU.Build.0 = Debug|Any CPU
		{12A0A175-7FB9-4C9A-BDA3-18904DE13F74}.Release|Any CPU.ActiveCfg = Release|Any CPU
		{12A0A175-7FB9-4C9A-BDA3-18904DE13F74}.Release|Any CPU.Build.0 = Release|Any CPU
	EndGlobalSection
	GlobalSection(SolutionProperties) = preSolution
		HideSolutionNode = FALSE
	EndGlobalSection
	GlobalSection(ExtensibilityGlobals) = postSolution
		SolutionGuid = {7E652FD7-FF14-41C3-8A8E-23D627820F71}
	EndGlobalSection
EndGlobal
